
Microsoft Visual Studio Solution File, Format Version 12.00
# Visual Studio Version 16
VisualStudioVersion = 16.0.31911.196
MinimumVisualStudioVersion = 10.0.40219.1
Project("{8BC9CEB8-8B4A-11D0-8D11-00A0C91BC942}") = "BinaryTree", "BinaryTree\BinaryTree.vcxproj", "{E3FAD12D-3A12-417A-942C-C4F65816D16B}"
EndProject
Global
	GlobalSection(SolutionConfigurationPlatforms) = preSolution
		Debug|x64 = Debug|x64
		Debug|x86 = Debug|x86
		Release|x64 = Release|x64
		Release|x86 = Release|x86
	EndGlobalSection
	GlobalSection(ProjectConfigurationPlatforms) = postSolution
		{E3FAD12D-3A12-417A-942C-C4F65816D16B}.Debug|x64.ActiveCfg = Debug|x64
		{E3FAD12D-3A12-417A-942C-C4F65816D16B}.Debug|x64.Build.0 = Debug|x64
		{E3FAD12D-3A12-417A-942C-C4F65816D16B}.Debug|x86.ActiveCfg = Debug|Win32
		{E3FAD12D-3A12-417A-942C-C4F65816D16B}.Debug|x86.Build.0 = Debug|Win32
		{E3FAD12D-3A12-417A-942C-C4F65816D16B}.Release|x64.ActiveCfg = Release|x64
		{E3FAD12D-3A12-417A-942C-C4F65816D16B}.Release|x64.Build.0 = Release|x64
		{E3FAD12D-3A12-417A-942C-C4F65816D16B}.Release|x86.ActiveCfg = Release|Win32
		{E3FAD12D-3A12-417A-942C-C4F65816D16B}.Release|x86.Build.0 = Release|Win32
	EndGlobalSection
	GlobalSection(SolutionProperties) = preSolution
		HideSolutionNode = FALSE
	EndGlobalSection
	GlobalSection(ExtensibilityGlobals) = postSolution
		SolutionGuid = {358BAE25-8F4C-4335-BCA6-A771EB96AC9B}
	EndGlobalSection
EndGlobal
